// !$*UTF8*$!
{
	archiveVersion = 1;
	classes = {
	};
	objectVersion = 51;
	objects = {

/* Begin PBXBuildFile section */
		91E4F9C48E3E6BF0BF5DD26B /* Pods_PhotosInfiniteScrolling.framework in Frameworks */ = {isa = PBXBuildFile; fileRef = 25CF2580660E8CCD0C81F1A6 /* Pods_PhotosInfiniteScrolling.framework */; };
		957935F1268648CC00F8A241 /* PhotosViewController.swift in Sources */ = {isa = PBXBuildFile; fileRef = 957935F0268648CC00F8A241 /* PhotosViewController.swift */; };
		957935F32686540300F8A241 /* PhotoCell.swift in Sources */ = {isa = PBXBuildFile; fileRef = 957935F22686540300F8A241 /* PhotoCell.swift */; };
		957935F52686697B00F8A241 /* PhotoDetailViewController.swift in Sources */ = {isa = PBXBuildFile; fileRef = 957935F42686697B00F8A241 /* PhotoDetailViewController.swift */; };
		957935F726866B8A00F8A241 /* PhotoDetailViewModel.swift in Sources */ = {isa = PBXBuildFile; fileRef = 957935F626866B8A00F8A241 /* PhotoDetailViewModel.swift */; };
		957935F92686738000F8A241 /* PhotoDetailCoordinator.swift in Sources */ = {isa = PBXBuildFile; fileRef = 957935F82686738000F8A241 /* PhotoDetailCoordinator.swift */; };
		95793609268A0D7300F8A241 /* PhotoDetailViewModelTests.swift in Sources */ = {isa = PBXBuildFile; fileRef = 95793608268A0D7300F8A241 /* PhotoDetailViewModelTests.swift */; };
		958108672685D4ED006AC6DC /* AppDelegate.swift in Sources */ = {isa = PBXBuildFile; fileRef = 958108662685D4ED006AC6DC /* AppDelegate.swift */; };
		958108702685D4EF006AC6DC /* Assets.xcassets in Resources */ = {isa = PBXBuildFile; fileRef = 9581086F2685D4EF006AC6DC /* Assets.xcassets */; };
		958108732685D4EF006AC6DC /* LaunchScreen.storyboard in Resources */ = {isa = PBXBuildFile; fileRef = 958108712685D4EF006AC6DC /* LaunchScreen.storyboard */; };
		9581087E2685D4EF006AC6DC /* PhotosViewModelTests.swift in Sources */ = {isa = PBXBuildFile; fileRef = 9581087D2685D4EF006AC6DC /* PhotosViewModelTests.swift */; };
		958108982685D6A9006AC6DC /* AppCoordinator.swift in Sources */ = {isa = PBXBuildFile; fileRef = 958108972685D6A9006AC6DC /* AppCoordinator.swift */; };
		9581089B2685D848006AC6DC /* Coordinator.swift in Sources */ = {isa = PBXBuildFile; fileRef = 9581089A2685D848006AC6DC /* Coordinator.swift */; };
		958108AC2685E00D006AC6DC /* Dimensions.swift in Sources */ = {isa = PBXBuildFile; fileRef = 958108AB2685E00D006AC6DC /* Dimensions.swift */; };
		958108AE2685E0E9006AC6DC /* Extensions.swift in Sources */ = {isa = PBXBuildFile; fileRef = 958108AD2685E0E9006AC6DC /* Extensions.swift */; };
		958108B02685E53C006AC6DC /* APIKeys.swift in Sources */ = {isa = PBXBuildFile; fileRef = 958108AF2685E53C006AC6DC /* APIKeys.swift */; };
		958108B22685E571006AC6DC /* BaseURLs.swift in Sources */ = {isa = PBXBuildFile; fileRef = 958108B12685E571006AC6DC /* BaseURLs.swift */; };
		958108B72685E5ED006AC6DC /* UnsplashEndpoints.swift in Sources */ = {isa = PBXBuildFile; fileRef = 958108B62685E5ED006AC6DC /* UnsplashEndpoints.swift */; };
		958108BA2685E667006AC6DC /* NetworkError.swift in Sources */ = {isa = PBXBuildFile; fileRef = 958108B92685E667006AC6DC /* NetworkError.swift */; };
		958108BD2685E6C9006AC6DC /* NetworkClient.swift in Sources */ = {isa = PBXBuildFile; fileRef = 958108BC2685E6C9006AC6DC /* NetworkClient.swift */; };
		958108C02685EEDB006AC6DC /* UnsplashPhoto.swift in Sources */ = {isa = PBXBuildFile; fileRef = 958108BF2685EEDB006AC6DC /* UnsplashPhoto.swift */; };
		958108C22685F02D006AC6DC /* DataToImageConversionService.swift in Sources */ = {isa = PBXBuildFile; fileRef = 958108C12685F02D006AC6DC /* DataToImageConversionService.swift */; };
		958108C42685F118006AC6DC /* DataLoadingService.swift in Sources */ = {isa = PBXBuildFile; fileRef = 958108C32685F118006AC6DC /* DataLoadingService.swift */; };
		958108C62685F433006AC6DC /* UnsplashPhotoService.swift in Sources */ = {isa = PBXBuildFile; fileRef = 958108C52685F433006AC6DC /* UnsplashPhotoService.swift */; };
		958108CB2685F98E006AC6DC /* PhotosCoordinator.swift in Sources */ = {isa = PBXBuildFile; fileRef = 958108CA2685F98E006AC6DC /* PhotosCoordinator.swift */; };
		958108CD2685FBA2006AC6DC /* PhotosViewModel.swift in Sources */ = {isa = PBXBuildFile; fileRef = 958108CC2685FBA2006AC6DC /* PhotosViewModel.swift */; };
		B0A273AAC4AF1F247A8B8553 /* Pods_PhotosInfiniteScrollingTests.framework in Frameworks */ = {isa = PBXBuildFile; fileRef = 2410BA884E0E9A10FA105798 /* Pods_PhotosInfiniteScrollingTests.framework */; };
/* End PBXBuildFile section */

/* Begin PBXContainerItemProxy section */
		9581087A2685D4EF006AC6DC /* PBXContainerItemProxy */ = {
			isa = PBXContainerItemProxy;
			containerPortal = 9581085B2685D4ED006AC6DC /* Project object */;
			proxyType = 1;
			remoteGlobalIDString = 958108622685D4ED006AC6DC;
			remoteInfo = PhotosInfiniteScrolling;
		};
/* End PBXContainerItemProxy section */

/* Begin PBXFileReference section */
		2410BA884E0E9A10FA105798 /* Pods_PhotosInfiniteScrollingTests.framework */ = {isa = PBXFileReference; explicitFileType = wrapper.framework; includeInIndex = 0; path = Pods_PhotosInfiniteScrollingTests.framework; sourceTree = BUILT_PRODUCTS_DIR; };
		25CF2580660E8CCD0C81F1A6 /* Pods_PhotosInfiniteScrolling.framework */ = {isa = PBXFileReference; explicitFileType = wrapper.framework; includeInIndex = 0; path = Pods_PhotosInfiniteScrolling.framework; sourceTree = BUILT_PRODUCTS_DIR; };
		47943FD914B5F182F464479A /* Pods-PhotosInfiniteScrolling.debug.xcconfig */ = {isa = PBXFileReference; includeInIndex = 1; lastKnownFileType = text.xcconfig; name = "Pods-PhotosInfiniteScrolling.debug.xcconfig"; path = "Target Support Files/Pods-PhotosInfiniteScrolling/Pods-PhotosInfiniteScrolling.debug.xcconfig"; sourceTree = "<group>"; };
		957935F0268648CC00F8A241 /* PhotosViewController.swift */ = {isa = PBXFileReference; lastKnownFileType = sourcecode.swift; path = PhotosViewController.swift; sourceTree = "<group>"; };
		957935F22686540300F8A241 /* PhotoCell.swift */ = {isa = PBXFileReference; lastKnownFileType = sourcecode.swift; path = PhotoCell.swift; sourceTree = "<group>"; };
		957935F42686697B00F8A241 /* PhotoDetailViewController.swift */ = {isa = PBXFileReference; lastKnownFileType = sourcecode.swift; path = PhotoDetailViewController.swift; sourceTree = "<group>"; };
		957935F626866B8A00F8A241 /* PhotoDetailViewModel.swift */ = {isa = PBXFileReference; lastKnownFileType = sourcecode.swift; path = PhotoDetailViewModel.swift; sourceTree = "<group>"; };
		957935F82686738000F8A241 /* PhotoDetailCoordinator.swift */ = {isa = PBXFileReference; lastKnownFileType = sourcecode.swift; path = PhotoDetailCoordinator.swift; sourceTree = "<group>"; };
		95793608268A0D7300F8A241 /* PhotoDetailViewModelTests.swift */ = {isa = PBXFileReference; lastKnownFileType = sourcecode.swift; path = PhotoDetailViewModelTests.swift; sourceTree = "<group>"; };
		958108632685D4ED006AC6DC /* PhotosInfiniteScrolling.app */ = {isa = PBXFileReference; explicitFileType = wrapper.application; includeInIndex = 0; path = PhotosInfiniteScrolling.app; sourceTree = BUILT_PRODUCTS_DIR; };
		958108662685D4ED006AC6DC /* AppDelegate.swift */ = {isa = PBXFileReference; lastKnownFileType = sourcecode.swift; path = AppDelegate.swift; sourceTree = "<group>"; };
		9581086F2685D4EF006AC6DC /* Assets.xcassets */ = {isa = PBXFileReference; lastKnownFileType = folder.assetcatalog; path = Assets.xcassets; sourceTree = "<group>"; };
		958108722685D4EF006AC6DC /* Base */ = {isa = PBXFileReference; lastKnownFileType = file.storyboard; name = Base; path = Base.lproj/LaunchScreen.storyboard; sourceTree = "<group>"; };
		958108742685D4EF006AC6DC /* Info.plist */ = {isa = PBXFileReference; lastKnownFileType = text.plist.xml; path = Info.plist; sourceTree = "<group>"; };
		958108792685D4EF006AC6DC /* PhotosInfiniteScrollingTests.xctest */ = {isa = PBXFileReference; explicitFileType = wrapper.cfbundle; includeInIndex = 0; path = PhotosInfiniteScrollingTests.xctest; sourceTree = BUILT_PRODUCTS_DIR; };
		9581087D2685D4EF006AC6DC /* PhotosViewModelTests.swift */ = {isa = PBXFileReference; lastKnownFileType = sourcecode.swift; path = PhotosViewModelTests.swift; sourceTree = "<group>"; };
		9581087F2685D4EF006AC6DC /* Info.plist */ = {isa = PBXFileReference; lastKnownFileType = text.plist.xml; path = Info.plist; sourceTree = "<group>"; };
		958108972685D6A9006AC6DC /* AppCoordinator.swift */ = {isa = PBXFileReference; lastKnownFileType = sourcecode.swift; path = AppCoordinator.swift; sourceTree = "<group>"; };
		9581089A2685D848006AC6DC /* Coordinator.swift */ = {isa = PBXFileReference; lastKnownFileType = sourcecode.swift; path = Coordinator.swift; sourceTree = "<group>"; };
		958108AB2685E00D006AC6DC /* Dimensions.swift */ = {isa = PBXFileReference; lastKnownFileType = sourcecode.swift; path = Dimensions.swift; sourceTree = "<group>"; };
		958108AD2685E0E9006AC6DC /* Extensions.swift */ = {isa = PBXFileReference; lastKnownFileType = sourcecode.swift; path = Extensions.swift; sourceTree = "<group>"; };
		958108AF2685E53C006AC6DC /* APIKeys.swift */ = {isa = PBXFileReference; lastKnownFileType = sourcecode.swift; path = APIKeys.swift; sourceTree = "<group>"; };
		958108B12685E571006AC6DC /* BaseURLs.swift */ = {isa = PBXFileReference; lastKnownFileType = sourcecode.swift; path = BaseURLs.swift; sourceTree = "<group>"; };
		958108B62685E5ED006AC6DC /* UnsplashEndpoints.swift */ = {isa = PBXFileReference; lastKnownFileType = sourcecode.swift; path = UnsplashEndpoints.swift; sourceTree = "<group>"; };
		958108B92685E667006AC6DC /* NetworkError.swift */ = {isa = PBXFileReference; lastKnownFileType = sourcecode.swift; path = NetworkError.swift; sourceTree = "<group>"; };
		958108BC2685E6C9006AC6DC /* NetworkClient.swift */ = {isa = PBXFileReference; lastKnownFileType = sourcecode.swift; path = NetworkClient.swift; sourceTree = "<group>"; };
		958108BF2685EEDB006AC6DC /* UnsplashPhoto.swift */ = {isa = PBXFileReference; lastKnownFileType = sourcecode.swift; path = UnsplashPhoto.swift; sourceTree = "<group>"; };
		958108C12685F02D006AC6DC /* DataToImageConversionService.swift */ = {isa = PBXFileReference; lastKnownFileType = sourcecode.swift; path = DataToImageConversionService.swift; sourceTree = "<group>"; };
		958108C32685F118006AC6DC /* DataLoadingService.swift */ = {isa = PBXFileReference; lastKnownFileType = sourcecode.swift; path = DataLoadingService.swift; sourceTree = "<group>"; };
		958108C52685F433006AC6DC /* UnsplashPhotoService.swift */ = {isa = PBXFileReference; lastKnownFileType = sourcecode.swift; path = UnsplashPhotoService.swift; sourceTree = "<group>"; };
		958108CA2685F98E006AC6DC /* PhotosCoordinator.swift */ = {isa = PBXFileReference; lastKnownFileType = sourcecode.swift; path = PhotosCoordinator.swift; sourceTree = "<group>"; };
		958108CC2685FBA2006AC6DC /* PhotosViewModel.swift */ = {isa = PBXFileReference; lastKnownFileType = sourcecode.swift; path = PhotosViewModel.swift; sourceTree = "<group>"; };
		9E9C46B3B49B8F0CCEFFD4B5 /* Pods-PhotosInfiniteScrollingTests.release.xcconfig */ = {isa = PBXFileReference; includeInIndex = 1; lastKnownFileType = text.xcconfig; name = "Pods-PhotosInfiniteScrollingTests.release.xcconfig"; path = "Target Support Files/Pods-PhotosInfiniteScrollingTests/Pods-PhotosInfiniteScrollingTests.release.xcconfig"; sourceTree = "<group>"; };
		A1FFE287123D642962BE791F /* Pods-PhotosInfiniteScrollingTests.debug.xcconfig */ = {isa = PBXFileReference; includeInIndex = 1; lastKnownFileType = text.xcconfig; name = "Pods-PhotosInfiniteScrollingTests.debug.xcconfig"; path = "Target Support Files/Pods-PhotosInfiniteScrollingTests/Pods-PhotosInfiniteScrollingTests.debug.xcconfig"; sourceTree = "<group>"; };
		AF73EB9DE5116DFB343F52FF /* Pods-PhotosInfiniteScrolling.release.xcconfig */ = {isa = PBXFileReference; includeInIndex = 1; lastKnownFileType = text.xcconfig; name = "Pods-PhotosInfiniteScrolling.release.xcconfig"; path = "Target Support Files/Pods-PhotosInfiniteScrolling/Pods-PhotosInfiniteScrolling.release.xcconfig"; sourceTree = "<group>"; };
/* End PBXFileReference section */

/* Begin PBXFrameworksBuildPhase section */
		958108602685D4ED006AC6DC /* Frameworks */ = {
			isa = PBXFrameworksBuildPhase;
			buildActionMask = 2147483647;
			files = (
				91E4F9C48E3E6BF0BF5DD26B /* Pods_PhotosInfiniteScrolling.framework in Frameworks */,
			);
			runOnlyForDeploymentPostprocessing = 0;
		};
		958108762685D4EF006AC6DC /* Frameworks */ = {
			isa = PBXFrameworksBuildPhase;
			buildActionMask = 2147483647;
			files = (
				B0A273AAC4AF1F247A8B8553 /* Pods_PhotosInfiniteScrollingTests.framework in Frameworks */,
			);
			runOnlyForDeploymentPostprocessing = 0;
		};
/* End PBXFrameworksBuildPhase section */

/* Begin PBXGroup section */
		9581085A2685D4ED006AC6DC = {
			isa = PBXGroup;
			children = (
				958108652685D4ED006AC6DC /* PhotosInfiniteScrolling */,
				9581087C2685D4EF006AC6DC /* PhotosInfiniteScrollingTests */,
				958108642685D4ED006AC6DC /* Products */,
				AF291C8EFC5B3E004B556AAA /* Pods */,
				CC52115D8513457B6027A3ED /* Frameworks */,
			);
			sourceTree = "<group>";
		};
		958108642685D4ED006AC6DC /* Products */ = {
			isa = PBXGroup;
			children = (
				958108632685D4ED006AC6DC /* PhotosInfiniteScrolling.app */,
				958108792685D4EF006AC6DC /* PhotosInfiniteScrollingTests.xctest */,
			);
			name = Products;
			sourceTree = "<group>";
		};
		958108652685D4ED006AC6DC /* PhotosInfiniteScrolling */ = {
			isa = PBXGroup;
			children = (
				958108962685D626006AC6DC /* ApplicationLayer */,
				958108992685D830006AC6DC /* Presentation Layer */,
				958108A32685DE9F006AC6DC /* Business Logic Layer */,
				958108A62685DEEA006AC6DC /* Core Layer */,
				958108A72685DEFE006AC6DC /* Supporting Files */,
			);
			path = PhotosInfiniteScrolling;
			sourceTree = "<group>";
		};
		9581087C2685D4EF006AC6DC /* PhotosInfiniteScrollingTests */ = {
			isa = PBXGroup;
			children = (
				9581087D2685D4EF006AC6DC /* PhotosViewModelTests.swift */,
				95793608268A0D7300F8A241 /* PhotoDetailViewModelTests.swift */,
				9581087F2685D4EF006AC6DC /* Info.plist */,
			);
			path = PhotosInfiniteScrollingTests;
			sourceTree = "<group>";
		};
		958108962685D626006AC6DC /* ApplicationLayer */ = {
			isa = PBXGroup;
			children = (
				958108662685D4ED006AC6DC /* AppDelegate.swift */,
				958108972685D6A9006AC6DC /* AppCoordinator.swift */,
			);
			path = ApplicationLayer;
			sourceTree = "<group>";
		};
		958108992685D830006AC6DC /* Presentation Layer */ = {
			isa = PBXGroup;
			children = (
				9581089D2685DB86006AC6DC /* Coordinator */,
				9581089C2685D91D006AC6DC /* Scenes */,
			);
			path = "Presentation Layer";
			sourceTree = "<group>";
		};
		9581089C2685D91D006AC6DC /* Scenes */ = {
			isa = PBXGroup;
			children = (
				9581089E2685DC92006AC6DC /* Photos */,
				9581089F2685DC9B006AC6DC /* Photo Detail */,
			);
			path = Scenes;
			sourceTree = "<group>";
		};
		9581089D2685DB86006AC6DC /* Coordinator */ = {
			isa = PBXGroup;
			children = (
				9581089A2685D848006AC6DC /* Coordinator.swift */,
			);
			path = Coordinator;
			sourceTree = "<group>";
		};
		9581089E2685DC92006AC6DC /* Photos */ = {
			isa = PBXGroup;
			children = (
				958108A22685DCCD006AC6DC /* View */,
				958108A12685DCC3006AC6DC /* View Model */,
				958108A02685DCB9006AC6DC /* Coordinator */,
			);
			path = Photos;
			sourceTree = "<group>";
		};
		9581089F2685DC9B006AC6DC /* Photo Detail */ = {
			isa = PBXGroup;
			children = (
				958108C92685F966006AC6DC /* View */,
				958108C82685F960006AC6DC /* VIew Model */,
				958108C72685F955006AC6DC /* Coordinator */,
			);
			path = "Photo Detail";
			sourceTree = "<group>";
		};
		958108A02685DCB9006AC6DC /* Coordinator */ = {
			isa = PBXGroup;
			children = (
				958108CA2685F98E006AC6DC /* PhotosCoordinator.swift */,
			);
			path = Coordinator;
			sourceTree = "<group>";
		};
		958108A12685DCC3006AC6DC /* View Model */ = {
			isa = PBXGroup;
			children = (
				958108CC2685FBA2006AC6DC /* PhotosViewModel.swift */,
			);
			path = "View Model";
			sourceTree = "<group>";
		};
		958108A22685DCCD006AC6DC /* View */ = {
			isa = PBXGroup;
			children = (
				957935F0268648CC00F8A241 /* PhotosViewController.swift */,
				957935F22686540300F8A241 /* PhotoCell.swift */,
			);
			path = View;
			sourceTree = "<group>";
		};
		958108A32685DE9F006AC6DC /* Business Logic Layer */ = {
			isa = PBXGroup;
			children = (
				958108A42685DEBB006AC6DC /* Services */,
				958108A52685DEC3006AC6DC /* Models */,
			);
			path = "Business Logic Layer";
			sourceTree = "<group>";
		};
		958108A42685DEBB006AC6DC /* Services */ = {
			isa = PBXGroup;
			children = (
				958108C52685F433006AC6DC /* UnsplashPhotoService.swift */,
				958108C32685F118006AC6DC /* DataLoadingService.swift */,
				958108C12685F02D006AC6DC /* DataToImageConversionService.swift */,
			);
			path = Services;
			sourceTree = "<group>";
		};
		958108A52685DEC3006AC6DC /* Models */ = {
			isa = PBXGroup;
			children = (
				958108BF2685EEDB006AC6DC /* UnsplashPhoto.swift */,
			);
			path = Models;
			sourceTree = "<group>";
		};
		958108A62685DEEA006AC6DC /* Core Layer */ = {
			isa = PBXGroup;
			children = (
				958108A82685DF24006AC6DC /* Resources */,
				958108A92685DFD1006AC6DC /* Utilities */,
				958108AA2685DFDD006AC6DC /* Network */,
			);
			path = "Core Layer";
			sourceTree = "<group>";
		};
		958108A72685DEFE006AC6DC /* Supporting Files */ = {
			isa = PBXGroup;
			children = (
				958108712685D4EF006AC6DC /* LaunchScreen.storyboard */,
				958108742685D4EF006AC6DC /* Info.plist */,
			);
			path = "Supporting Files";
			sourceTree = "<group>";
		};
		958108A82685DF24006AC6DC /* Resources */ = {
			isa = PBXGroup;
			children = (
				9581086F2685D4EF006AC6DC /* Assets.xcassets */,
			);
			path = Resources;
			sourceTree = "<group>";
		};
		958108A92685DFD1006AC6DC /* Utilities */ = {
			isa = PBXGroup;
			children = (
				958108AB2685E00D006AC6DC /* Dimensions.swift */,
				958108AD2685E0E9006AC6DC /* Extensions.swift */,
			);
			path = Utilities;
			sourceTree = "<group>";
		};
		958108AA2685DFDD006AC6DC /* Network */ = {
			isa = PBXGroup;
			children = (
				958108B32685E5AB006AC6DC /* APIKeys */,
				958108B42685E5B5006AC6DC /* BaseURLs */,
				958108B52685E5CD006AC6DC /* Endpoints */,
				958108B82685E63B006AC6DC /* Error */,
				958108BB2685E697006AC6DC /* Network Client */,
			);
			path = Network;
			sourceTree = "<group>";
		};
		958108B32685E5AB006AC6DC /* APIKeys */ = {
			isa = PBXGroup;
			children = (
				958108AF2685E53C006AC6DC /* APIKeys.swift */,
			);
			path = APIKeys;
			sourceTree = "<group>";
		};
		958108B42685E5B5006AC6DC /* BaseURLs */ = {
			isa = PBXGroup;
			children = (
				958108B12685E571006AC6DC /* BaseURLs.swift */,
			);
			path = BaseURLs;
			sourceTree = "<group>";
		};
		958108B52685E5CD006AC6DC /* Endpoints */ = {
			isa = PBXGroup;
			children = (
				958108B62685E5ED006AC6DC /* UnsplashEndpoints.swift */,
			);
			path = Endpoints;
			sourceTree = "<group>";
		};
		958108B82685E63B006AC6DC /* Error */ = {
			isa = PBXGroup;
			children = (
				958108B92685E667006AC6DC /* NetworkError.swift */,
			);
			path = Error;
			sourceTree = "<group>";
		};
		958108BB2685E697006AC6DC /* Network Client */ = {
			isa = PBXGroup;
			children = (
				958108BC2685E6C9006AC6DC /* NetworkClient.swift */,
			);
			path = "Network Client";
			sourceTree = "<group>";
		};
		958108C72685F955006AC6DC /* Coordinator */ = {
			isa = PBXGroup;
			children = (
				957935F82686738000F8A241 /* PhotoDetailCoordinator.swift */,
			);
			path = Coordinator;
			sourceTree = "<group>";
		};
		958108C82685F960006AC6DC /* VIew Model */ = {
			isa = PBXGroup;
			children = (
				957935F626866B8A00F8A241 /* PhotoDetailViewModel.swift */,
			);
			path = "VIew Model";
			sourceTree = "<group>";
		};
		958108C92685F966006AC6DC /* View */ = {
			isa = PBXGroup;
			children = (
				957935F42686697B00F8A241 /* PhotoDetailViewController.swift */,
			);
			path = View;
			sourceTree = "<group>";
		};
		AF291C8EFC5B3E004B556AAA /* Pods */ = {
			isa = PBXGroup;
			children = (
				47943FD914B5F182F464479A /* Pods-PhotosInfiniteScrolling.debug.xcconfig */,
				AF73EB9DE5116DFB343F52FF /* Pods-PhotosInfiniteScrolling.release.xcconfig */,
				A1FFE287123D642962BE791F /* Pods-PhotosInfiniteScrollingTests.debug.xcconfig */,
				9E9C46B3B49B8F0CCEFFD4B5 /* Pods-PhotosInfiniteScrollingTests.release.xcconfig */,
			);
			path = Pods;
			sourceTree = "<group>";
		};
		CC52115D8513457B6027A3ED /* Frameworks */ = {
			isa = PBXGroup;
			children = (
				25CF2580660E8CCD0C81F1A6 /* Pods_PhotosInfiniteScrolling.framework */,
				2410BA884E0E9A10FA105798 /* Pods_PhotosInfiniteScrollingTests.framework */,
			);
			name = Frameworks;
			sourceTree = "<group>";
		};
/* End PBXGroup section */

/* Begin PBXNativeTarget section */
		958108622685D4ED006AC6DC /* PhotosInfiniteScrolling */ = {
			isa = PBXNativeTarget;
			buildConfigurationList = 9581088D2685D4EF006AC6DC /* Build configuration list for PBXNativeTarget "PhotosInfiniteScrolling" */;
			buildPhases = (
				29D80DCB40012076860856D0 /* [CP] Check Pods Manifest.lock */,
				9581085F2685D4ED006AC6DC /* Sources */,
				958108602685D4ED006AC6DC /* Frameworks */,
				958108612685D4ED006AC6DC /* Resources */,
				83128C0DEF63221865A20B8E /* [CP] Embed Pods Frameworks */,
			);
			buildRules = (
			);
			dependencies = (
			);
			name = PhotosInfiniteScrolling;
			productName = PhotosInfiniteScrolling;
			productReference = 958108632685D4ED006AC6DC /* PhotosInfiniteScrolling.app */;
			productType = "com.apple.product-type.application";
		};
		958108782685D4EF006AC6DC /* PhotosInfiniteScrollingTests */ = {
			isa = PBXNativeTarget;
			buildConfigurationList = 958108902685D4EF006AC6DC /* Build configuration list for PBXNativeTarget "PhotosInfiniteScrollingTests" */;
			buildPhases = (
				77DAB2C3A4B725D7DE19B3DF /* [CP] Check Pods Manifest.lock */,
				958108752685D4EF006AC6DC /* Sources */,
				958108762685D4EF006AC6DC /* Frameworks */,
				958108772685D4EF006AC6DC /* Resources */,
			);
			buildRules = (
			);
			dependencies = (
				9581087B2685D4EF006AC6DC /* PBXTargetDependency */,
			);
			name = PhotosInfiniteScrollingTests;
			productName = PhotosInfiniteScrollingTests;
			productReference = 958108792685D4EF006AC6DC /* PhotosInfiniteScrollingTests.xctest */;
			productType = "com.apple.product-type.bundle.unit-test";
		};
/* End PBXNativeTarget section */

/* Begin PBXProject section */
		9581085B2685D4ED006AC6DC /* Project object */ = {
			isa = PBXProject;
			attributes = {
				LastSwiftUpdateCheck = 1250;
				LastUpgradeCheck = 1250;
				TargetAttributes = {
					958108622685D4ED006AC6DC = {
						CreatedOnToolsVersion = 12.5.1;
					};
					958108782685D4EF006AC6DC = {
						CreatedOnToolsVersion = 12.5.1;
						TestTargetID = 958108622685D4ED006AC6DC;
					};
				};
			};
			buildConfigurationList = 9581085E2685D4ED006AC6DC /* Build configuration list for PBXProject "PhotosInfiniteScrolling" */;
			compatibilityVersion = "Xcode 9.3";
			developmentRegion = en;
			hasScannedForEncodings = 0;
			knownRegions = (
				en,
				Base,
			);
			mainGroup = 9581085A2685D4ED006AC6DC;
			productRefGroup = 958108642685D4ED006AC6DC /* Products */;
			projectDirPath = "";
			projectRoot = "";
			targets = (
				958108622685D4ED006AC6DC /* PhotosInfiniteScrolling */,
				958108782685D4EF006AC6DC /* PhotosInfiniteScrollingTests */,
			);
		};
/* End PBXProject section */

/* Begin PBXResourcesBuildPhase section */
		958108612685D4ED006AC6DC /* Resources */ = {
			isa = PBXResourcesBuildPhase;
			buildActionMask = 2147483647;
			files = (
				958108732685D4EF006AC6DC /* LaunchScreen.storyboard in Resources */,
				958108702685D4EF006AC6DC /* Assets.xcassets in Resources */,
			);
			runOnlyForDeploymentPostprocessing = 0;
		};
		958108772685D4EF006AC6DC /* Resources */ = {
			isa = PBXResourcesBuildPhase;
			buildActionMask = 2147483647;
			files = (
			);
			runOnlyForDeploymentPostprocessing = 0;
		};
/* End PBXResourcesBuildPhase section */

/* Begin PBXShellScriptBuildPhase section */
		29D80DCB40012076860856D0 /* [CP] Check Pods Manifest.lock */ = {
			isa = PBXShellScriptBuildPhase;
			buildActionMask = 2147483647;
			files = (
			);
			inputFileListPaths = (
			);
			inputPaths = (
				"${PODS_PODFILE_DIR_PATH}/Podfile.lock",
				"${PODS_ROOT}/Manifest.lock",
			);
			name = "[CP] Check Pods Manifest.lock";
			outputFileListPaths = (
			);
			outputPaths = (
				"$(DERIVED_FILE_DIR)/Pods-PhotosInfiniteScrolling-checkManifestLockResult.txt",
			);
			runOnlyForDeploymentPostprocessing = 0;
			shellPath = /bin/sh;
			shellScript = "diff \"${PODS_PODFILE_DIR_PATH}/Podfile.lock\" \"${PODS_ROOT}/Manifest.lock\" > /dev/null\nif [ $? != 0 ] ; then\n    # print error to STDERR\n    echo \"error: The sandbox is not in sync with the Podfile.lock. Run 'pod install' or update your CocoaPods installation.\" >&2\n    exit 1\nfi\n# This output is used by Xcode 'outputs' to avoid re-running this script phase.\necho \"SUCCESS\" > \"${SCRIPT_OUTPUT_FILE_0}\"\n";
			showEnvVarsInLog = 0;
		};
		77DAB2C3A4B725D7DE19B3DF /* [CP] Check Pods Manifest.lock */ = {
			isa = PBXShellScriptBuildPhase;
			buildActionMask = 2147483647;
			files = (
			);
			inputFileListPaths = (
			);
			inputPaths = (
				"${PODS_PODFILE_DIR_PATH}/Podfile.lock",
				"${PODS_ROOT}/Manifest.lock",
			);
			name = "[CP] Check Pods Manifest.lock";
			outputFileListPaths = (
			);
			outputPaths = (
				"$(DERIVED_FILE_DIR)/Pods-PhotosInfiniteScrollingTests-checkManifestLockResult.txt",
			);
			runOnlyForDeploymentPostprocessing = 0;
			shellPath = /bin/sh;
			shellScript = "diff \"${PODS_PODFILE_DIR_PATH}/Podfile.lock\" \"${PODS_ROOT}/Manifest.lock\" > /dev/null\nif [ $? != 0 ] ; then\n    # print error to STDERR\n    echo \"error: The sandbox is not in sync with the Podfile.lock. Run 'pod install' or update your CocoaPods installation.\" >&2\n    exit 1\nfi\n# This output is used by Xcode 'outputs' to avoid re-running this script phase.\necho \"SUCCESS\" > \"${SCRIPT_OUTPUT_FILE_0}\"\n";
			showEnvVarsInLog = 0;
		};
		83128C0DEF63221865A20B8E /* [CP] Embed Pods Frameworks */ = {
			isa = PBXShellScriptBuildPhase;
			buildActionMask = 2147483647;
			files = (
			);
			inputFileListPaths = (
				"${PODS_ROOT}/Target Support Files/Pods-PhotosInfiniteScrolling/Pods-PhotosInfiniteScrolling-frameworks-${CONFIGURATION}-input-files.xcfilelist",
			);
			name = "[CP] Embed Pods Frameworks";
			outputFileListPaths = (
				"${PODS_ROOT}/Target Support Files/Pods-PhotosInfiniteScrolling/Pods-PhotosInfiniteScrolling-frameworks-${CONFIGURATION}-output-files.xcfilelist",
			);
			runOnlyForDeploymentPostprocessing = 0;
			shellPath = /bin/sh;
			shellScript = "\"${PODS_ROOT}/Target Support Files/Pods-PhotosInfiniteScrolling/Pods-PhotosInfiniteScrolling-frameworks.sh\"\n";
			showEnvVarsInLog = 0;
		};
/* End PBXShellScriptBuildPhase section */

/* Begin PBXSourcesBuildPhase section */
		9581085F2685D4ED006AC6DC /* Sources */ = {
			isa = PBXSourcesBuildPhase;
			buildActionMask = 2147483647;
			files = (
				958108B02685E53C006AC6DC /* APIKeys.swift in Sources */,
				957935F52686697B00F8A241 /* PhotoDetailViewController.swift in Sources */,
				957935F1268648CC00F8A241 /* PhotosViewController.swift in Sources */,
				958108BD2685E6C9006AC6DC /* NetworkClient.swift in Sources */,
				957935F92686738000F8A241 /* PhotoDetailCoordinator.swift in Sources */,
				958108C02685EEDB006AC6DC /* UnsplashPhoto.swift in Sources */,
				958108AE2685E0E9006AC6DC /* Extensions.swift in Sources */,
				958108C62685F433006AC6DC /* UnsplashPhotoService.swift in Sources */,
				958108CB2685F98E006AC6DC /* PhotosCoordinator.swift in Sources */,
				958108B22685E571006AC6DC /* BaseURLs.swift in Sources */,
				958108AC2685E00D006AC6DC /* Dimensions.swift in Sources */,
				958108B72685E5ED006AC6DC /* UnsplashEndpoints.swift in Sources */,
				957935F32686540300F8A241 /* PhotoCell.swift in Sources */,
				958108CD2685FBA2006AC6DC /* PhotosViewModel.swift in Sources */,
				9581089B2685D848006AC6DC /* Coordinator.swift in Sources */,
				957935F726866B8A00F8A241 /* PhotoDetailViewModel.swift in Sources */,
				958108C42685F118006AC6DC /* DataLoadingService.swift in Sources */,
				958108C22685F02D006AC6DC /* DataToImageConversionService.swift in Sources */,
				958108BA2685E667006AC6DC /* NetworkError.swift in Sources */,
				958108982685D6A9006AC6DC /* AppCoordinator.swift in Sources */,
				958108672685D4ED006AC6DC /* AppDelegate.swift in Sources */,
			);
			runOnlyForDeploymentPostprocessing = 0;
		};
		958108752685D4EF006AC6DC /* Sources */ = {
			isa = PBXSourcesBuildPhase;
			buildActionMask = 2147483647;
			files = (
				95793609268A0D7300F8A241 /* PhotoDetailViewModelTests.swift in Sources */,
				9581087E2685D4EF006AC6DC /* PhotosViewModelTests.swift in Sources */,
			);
			runOnlyForDeploymentPostprocessing = 0;
		};
/* End PBXSourcesBuildPhase section */

/* Begin PBXTargetDependency section */
		9581087B2685D4EF006AC6DC /* PBXTargetDependency */ = {
			isa = PBXTargetDependency;
			target = 958108622685D4ED006AC6DC /* PhotosInfiniteScrolling */;
			targetProxy = 9581087A2685D4EF006AC6DC /* PBXContainerItemProxy */;
		};
/* End PBXTargetDependency section */

/* Begin PBXVariantGroup section */
		958108712685D4EF006AC6DC /* LaunchScreen.storyboard */ = {
			isa = PBXVariantGroup;
			children = (
				958108722685D4EF006AC6DC /* Base */,
			);
			name = LaunchScreen.storyboard;
			sourceTree = "<group>";
		};
/* End PBXVariantGroup section */

/* Begin XCBuildConfiguration section */
		9581088B2685D4EF006AC6DC /* Debug */ = {
			isa = XCBuildConfiguration;
			buildSettings = {
				ALWAYS_SEARCH_USER_PATHS = NO;
				CLANG_ANALYZER_NONNULL = YES;
				CLANG_ANALYZER_NUMBER_OBJECT_CONVERSION = YES_AGGRESSIVE;
				CLANG_CXX_LANGUAGE_STANDARD = "gnu++14";
				CLANG_CXX_LIBRARY = "libc++";
				CLANG_ENABLE_MODULES = YES;
				CLANG_ENABLE_OBJC_ARC = YES;
				CLANG_ENABLE_OBJC_WEAK = YES;
				CLANG_WARN_BLOCK_CAPTURE_AUTORELEASING = YES;
				CLANG_WARN_BOOL_CONVERSION = YES;
				CLANG_WARN_COMMA = YES;
				CLANG_WARN_CONSTANT_CONVERSION = YES;
				CLANG_WARN_DEPRECATED_OBJC_IMPLEMENTATIONS = YES;
				CLANG_WARN_DIRECT_OBJC_ISA_USAGE = YES_ERROR;
				CLANG_WARN_DOCUMENTATION_COMMENTS = YES;
				CLANG_WARN_EMPTY_BODY = YES;
				CLANG_WARN_ENUM_CONVERSION = YES;
				CLANG_WARN_INFINITE_RECURSION = YES;
				CLANG_WARN_INT_CONVERSION = YES;
				CLANG_WARN_NON_LITERAL_NULL_CONVERSION = YES;
				CLANG_WARN_OBJC_IMPLICIT_RETAIN_SELF = YES;
				CLANG_WARN_OBJC_LITERAL_CONVERSION = YES;
				CLANG_WARN_OBJC_ROOT_CLASS = YES_ERROR;
				CLANG_WARN_QUOTED_INCLUDE_IN_FRAMEWORK_HEADER = YES;
				CLANG_WARN_RANGE_LOOP_ANALYSIS = YES;
				CLANG_WARN_STRICT_PROTOTYPES = YES;
				CLANG_WARN_SUSPICIOUS_MOVE = YES;
				CLANG_WARN_UNGUARDED_AVAILABILITY = YES_AGGRESSIVE;
				CLANG_WARN_UNREACHABLE_CODE = YES;
				CLANG_WARN__DUPLICATE_METHOD_MATCH = YES;
				COPY_PHASE_STRIP = NO;
				DEBUG_INFORMATION_FORMAT = dwarf;
				ENABLE_STRICT_OBJC_MSGSEND = YES;
				ENABLE_TESTABILITY = YES;
				GCC_C_LANGUAGE_STANDARD = gnu11;
				GCC_DYNAMIC_NO_PIC = NO;
				GCC_NO_COMMON_BLOCKS = YES;
				GCC_OPTIMIZATION_LEVEL = 0;
				GCC_PREPROCESSOR_DEFINITIONS = (
					"DEBUG=1",
					"$(inherited)",
				);
				GCC_WARN_64_TO_32_BIT_CONVERSION = YES;
				GCC_WARN_ABOUT_RETURN_TYPE = YES_ERROR;
				GCC_WARN_UNDECLARED_SELECTOR = YES;
				GCC_WARN_UNINITIALIZED_AUTOS = YES_AGGRESSIVE;
				GCC_WARN_UNUSED_FUNCTION = YES;
				GCC_WARN_UNUSED_VARIABLE = YES;
				IPHONEOS_DEPLOYMENT_TARGET = 14.3;
				MTL_ENABLE_DEBUG_INFO = INCLUDE_SOURCE;
				MTL_FAST_MATH = YES;
				ONLY_ACTIVE_ARCH = YES;
				SDKROOT = iphoneos;
				SWIFT_ACTIVE_COMPILATION_CONDITIONS = DEBUG;
				SWIFT_OPTIMIZATION_LEVEL = "-Onone";
			};
			name = Debug;
		};
		9581088C2685D4EF006AC6DC /* Release */ = {
			isa = XCBuildConfiguration;
			buildSettings = {
				ALWAYS_SEARCH_USER_PATHS = NO;
				CLANG_ANALYZER_NONNULL = YES;
				CLANG_ANALYZER_NUMBER_OBJECT_CONVERSION = YES_AGGRESSIVE;
				CLANG_CXX_LANGUAGE_STANDARD = "gnu++14";
				CLANG_CXX_LIBRARY = "libc++";
				CLANG_ENABLE_MODULES = YES;
				CLANG_ENABLE_OBJC_ARC = YES;
				CLANG_ENABLE_OBJC_WEAK = YES;
				CLANG_WARN_BLOCK_CAPTURE_AUTORELEASING = YES;
				CLANG_WARN_BOOL_CONVERSION = YES;
				CLANG_WARN_COMMA = YES;
				CLANG_WARN_CONSTANT_CONVERSION = YES;
				CLANG_WARN_DEPRECATED_OBJC_IMPLEMENTATIONS = YES;
				CLANG_WARN_DIRECT_OBJC_ISA_USAGE = YES_ERROR;
				CLANG_WARN_DOCUMENTATION_COMMENTS = YES;
				CLANG_WARN_EMPTY_BODY = YES;
				CLANG_WARN_ENUM_CONVERSION = YES;
				CLANG_WARN_INFINITE_RECURSION = YES;
				CLANG_WARN_INT_CONVERSION = YES;
				CLANG_WARN_NON_LITERAL_NULL_CONVERSION = YES;
				CLANG_WARN_OBJC_IMPLICIT_RETAIN_SELF = YES;
				CLANG_WARN_OBJC_LITERAL_CONVERSION = YES;
				CLANG_WARN_OBJC_ROOT_CLASS = YES_ERROR;
				CLANG_WARN_QUOTED_INCLUDE_IN_FRAMEWORK_HEADER = YES;
				CLANG_WARN_RANGE_LOOP_ANALYSIS = YES;
				CLANG_WARN_STRICT_PROTOTYPES = YES;
				CLANG_WARN_SUSPICIOUS_MOVE = YES;
				CLANG_WARN_UNGUARDED_AVAILABILITY = YES_AGGRESSIVE;
				CLANG_WARN_UNREACHABLE_CODE = YES;
				CLANG_WARN__DUPLICATE_METHOD_MATCH = YES;
				COPY_PHASE_STRIP = NO;
				DEBUG_INFORMATION_FORMAT = "dwarf-with-dsym";
				ENABLE_NS_ASSERTIONS = NO;
				ENABLE_STRICT_OBJC_MSGSEND = YES;
				GCC_C_LANGUAGE_STANDARD = gnu11;
				GCC_NO_COMMON_BLOCKS = YES;
				GCC_WARN_64_TO_32_BIT_CONVERSION = YES;
				GCC_WARN_ABOUT_RETURN_TYPE = YES_ERROR;
				GCC_WARN_UNDECLARED_SELECTOR = YES;
				GCC_WARN_UNINITIALIZED_AUTOS = YES_AGGRESSIVE;
				GCC_WARN_UNUSED_FUNCTION = YES;
				GCC_WARN_UNUSED_VARIABLE = YES;
				IPHONEOS_DEPLOYMENT_TARGET = 14.3;
				MTL_ENABLE_DEBUG_INFO = NO;
				MTL_FAST_MATH = YES;
				SDKROOT = iphoneos;
				SWIFT_COMPILATION_MODE = wholemodule;
				SWIFT_OPTIMIZATION_LEVEL = "-O";
				VALIDATE_PRODUCT = YES;
			};
			name = Release;
		};
		9581088E2685D4EF006AC6DC /* Debug */ = {
			isa = XCBuildConfiguration;
			baseConfigurationReference = 47943FD914B5F182F464479A /* Pods-PhotosInfiniteScrolling.debug.xcconfig */;
			buildSettings = {
				ASSETCATALOG_COMPILER_APPICON_NAME = AppIcon;
				ASSETCATALOG_COMPILER_GLOBAL_ACCENT_COLOR_NAME = AccentColor;
				CODE_SIGN_STYLE = Automatic;
				DEVELOPMENT_TEAM = F27HQ4FLX4;
				INFOPLIST_FILE = "PhotosInfiniteScrolling/Supporting FIles/Info.plist";
				IPHONEOS_DEPLOYMENT_TARGET = 13.2;
				LD_RUNPATH_SEARCH_PATHS = (
					"$(inherited)",
					"@executable_path/Frameworks",
				);
				PRODUCT_BUNDLE_IDENTIFIER = com.charlienguyen.PhotosInfiniteScrolling;
				PRODUCT_NAME = "$(TARGET_NAME)";
				SWIFT_VERSION = 5.0;
				TARGETED_DEVICE_FAMILY = "1,2";
			};
			name = Debug;
		};
		9581088F2685D4EF006AC6DC /* Release */ = {
			isa = XCBuildConfiguration;
			baseConfigurationReference = AF73EB9DE5116DFB343F52FF /* Pods-PhotosInfiniteScrolling.release.xcconfig */;
			buildSettings = {
				ASSETCATALOG_COMPILER_APPICON_NAME = AppIcon;
				ASSETCATALOG_COMPILER_GLOBAL_ACCENT_COLOR_NAME = AccentColor;
				CODE_SIGN_STYLE = Automatic;
				DEVELOPMENT_TEAM = F27HQ4FLX4;
				INFOPLIST_FILE = "PhotosInfiniteScrolling/Supporting FIles/Info.plist";
				IPHONEOS_DEPLOYMENT_TARGET = 13.2;
				LD_RUNPATH_SEARCH_PATHS = (
					"$(inherited)",
					"@executable_path/Frameworks",
				);
				PRODUCT_BUNDLE_IDENTIFIER = com.charlienguyen.PhotosInfiniteScrolling;
				PRODUCT_NAME = "$(TARGET_NAME)";
				SWIFT_VERSION = 5.0;
				TARGETED_DEVICE_FAMILY = "1,2";
			};
			name = Release;
		};
		958108912685D4EF006AC6DC /* Debug */ = {
			isa = XCBuildConfiguration;
			baseConfigurationReference = A1FFE287123D642962BE791F /* Pods-PhotosInfiniteScrollingTests.debug.xcconfig */;
			buildSettings = {
				ALWAYS_EMBED_SWIFT_STANDARD_LIBRARIES = YES;
				BUNDLE_LOADER = "$(TEST_HOST)";
				CODE_SIGN_STYLE = Automatic;
				DEVELOPMENT_TEAM = F27HQ4FLX4;
				INFOPLIST_FILE = PhotosInfiniteScrollingTests/Info.plist;
				IPHONEOS_DEPLOYMENT_TARGET = 14.3;
				LD_RUNPATH_SEARCH_PATHS = (
					"$(inherited)",
					"@executable_path/Frameworks",
					"@loader_path/Frameworks",
				);
				PRODUCT_BUNDLE_IDENTIFIER = com.charlienguyen.PhotosInfiniteScrollingTests;
				PRODUCT_NAME = "$(TARGET_NAME)";
				SWIFT_VERSION = 5.0;
				TARGETED_DEVICE_FAMILY = "1,2";
				TEST_HOST = "$(BUILT_PRODUCTS_DIR)/PhotosInfiniteScrolling.app/PhotosInfiniteScrolling";
			};
			name = Debug;
		};
		958108922685D4EF006AC6DC /* Release */ = {
			isa = XCBuildConfiguration;
			baseConfigurationReference = 9E9C46B3B49B8F0CCEFFD4B5 /* Pods-PhotosInfiniteScrollingTests.release.xcconfig */;
			buildSettings = {
				ALWAYS_EMBED_SWIFT_STANDARD_LIBRARIES = YES;
				BUNDLE_LOADER = "$(TEST_HOST)";
				CODE_SIGN_STYLE = Automatic;
				DEVELOPMENT_TEAM = F27HQ4FLX4;
				INFOPLIST_FILE = PhotosInfiniteScrollingTests/Info.plist;
				IPHONEOS_DEPLOYMENT_TARGET = 14.3;
				LD_RUNPATH_SEARCH_PATHS = (
					"$(inherited)",
					"@executable_path/Frameworks",
					"@loader_path/Frameworks",
				);
				PRODUCT_BUNDLE_IDENTIFIER = com.charlienguyen.PhotosInfiniteScrollingTests;
				PRODUCT_NAME = "$(TARGET_NAME)";
				SWIFT_VERSION = 5.0;
				TARGETED_DEVICE_FAMILY = "1,2";
				TEST_HOST = "$(BUILT_PRODUCTS_DIR)/PhotosInfiniteScrolling.app/PhotosInfiniteScrolling";
			};
			name = Release;
		};
/* End XCBuildConfiguration section */

/* Begin XCConfigurationList section */
		9581085E2685D4ED006AC6DC /* Build configuration list for PBXProject "PhotosInfiniteScrolling" */ = {
			isa = XCConfigurationList;
			buildConfigurations = (
				9581088B2685D4EF006AC6DC /* Debug */,
				9581088C2685D4EF006AC6DC /* Release */,
			);
			defaultConfigurationIsVisible = 0;
			defaultConfigurationName = Release;
		};
		9581088D2685D4EF006AC6DC /* Build configuration list for PBXNativeTarget "PhotosInfiniteScrolling" */ = {
			isa = XCConfigurationList;
			buildConfigurations = (
				9581088E2685D4EF006AC6DC /* Debug */,
				9581088F2685D4EF006AC6DC /* Release */,
			);
			defaultConfigurationIsVisible = 0;
			defaultConfigurationName = Release;
		};
		958108902685D4EF006AC6DC /* Build configuration list for PBXNativeTarget "PhotosInfiniteScrollingTests" */ = {
			isa = XCConfigurationList;
			buildConfigurations = (
				958108912685D4EF006AC6DC /* Debug */,
				958108922685D4EF006AC6DC /* Release */,
			);
			defaultConfigurationIsVisible = 0;
			defaultConfigurationName = Release;
		};
/* End XCConfigurationList section */
	};
	rootObject = 9581085B2685D4ED006AC6DC /* Project object */;
}
