// !$*UTF8*$!
{
	archiveVersion = 1;
	classes = {
	};
	objectVersion = 50;
	objects = {

/* Begin PBXBuildFile section */
		958108672685D4ED006AC6DC /* AppDelegate.swift in Sources */ = {isa = PBXBuildFile; fileRef = 958108662685D4ED006AC6DC /* AppDelegate.swift */; };
		958108692685D4ED006AC6DC /* SceneDelegate.swift in Sources */ = {isa = PBXBuildFile; fileRef = 958108682685D4ED006AC6DC /* SceneDelegate.swift */; };
		9581086B2685D4ED006AC6DC /* ViewController.swift in Sources */ = {isa = PBXBuildFile; fileRef = 9581086A2685D4ED006AC6DC /* ViewController.swift */; };
		9581086E2685D4ED006AC6DC /* Main.storyboard in Resources */ = {isa = PBXBuildFile; fileRef = 9581086C2685D4ED006AC6DC /* Main.storyboard */; };
		958108702685D4EF006AC6DC /* Assets.xcassets in Resources */ = {isa = PBXBuildFile; fileRef = 9581086F2685D4EF006AC6DC /* Assets.xcassets */; };
		958108732685D4EF006AC6DC /* LaunchScreen.storyboard in Resources */ = {isa = PBXBuildFile; fileRef = 958108712685D4EF006AC6DC /* LaunchScreen.storyboard */; };
		9581087E2685D4EF006AC6DC /* PhotosInfiniteScrollingTests.swift in Sources */ = {isa = PBXBuildFile; fileRef = 9581087D2685D4EF006AC6DC /* PhotosInfiniteScrollingTests.swift */; };
		958108892685D4EF006AC6DC /* PhotosInfiniteScrollingUITests.swift in Sources */ = {isa = PBXBuildFile; fileRef = 958108882685D4EF006AC6DC /* PhotosInfiniteScrollingUITests.swift */; };
/* End PBXBuildFile section */

/* Begin PBXContainerItemProxy section */
		9581087A2685D4EF006AC6DC /* PBXContainerItemProxy */ = {
			isa = PBXContainerItemProxy;
			containerPortal = 9581085B2685D4ED006AC6DC /* Project object */;
			proxyType = 1;
			remoteGlobalIDString = 958108622685D4ED006AC6DC;
			remoteInfo = PhotosInfiniteScrolling;
		};
		958108852685D4EF006AC6DC /* PBXContainerItemProxy */ = {
			isa = PBXContainerItemProxy;
			containerPortal = 9581085B2685D4ED006AC6DC /* Project object */;
			proxyType = 1;
			remoteGlobalIDString = 958108622685D4ED006AC6DC;
			remoteInfo = PhotosInfiniteScrolling;
		};
/* End PBXContainerItemProxy section */

/* Begin PBXFileReference section */
		958108632685D4ED006AC6DC /* PhotosInfiniteScrolling.app */ = {isa = PBXFileReference; explicitFileType = wrapper.application; includeInIndex = 0; path = PhotosInfiniteScrolling.app; sourceTree = BUILT_PRODUCTS_DIR; };
		958108662685D4ED006AC6DC /* AppDelegate.swift */ = {isa = PBXFileReference; lastKnownFileType = sourcecode.swift; path = AppDelegate.swift; sourceTree = "<group>"; };
		958108682685D4ED006AC6DC /* SceneDelegate.swift */ = {isa = PBXFileReference; lastKnownFileType = sourcecode.swift; path = SceneDelegate.swift; sourceTree = "<group>"; };
		9581086A2685D4ED006AC6DC /* ViewController.swift */ = {isa = PBXFileReference; lastKnownFileType = sourcecode.swift; path = ViewController.swift; sourceTree = "<group>"; };
		9581086D2685D4ED006AC6DC /* Base */ = {isa = PBXFileReference; lastKnownFileType = file.storyboard; name = Base; path = Base.lproj/Main.storyboard; sourceTree = "<group>"; };
		9581086F2685D4EF006AC6DC /* Assets.xcassets */ = {isa = PBXFileReference; lastKnownFileType = folder.assetcatalog; path = Assets.xcassets; sourceTree = "<group>"; };
		958108722685D4EF006AC6DC /* Base */ = {isa = PBXFileReference; lastKnownFileType = file.storyboard; name = Base; path = Base.lproj/LaunchScreen.storyboard; sourceTree = "<group>"; };
		958108742685D4EF006AC6DC /* Info.plist */ = {isa = PBXFileReference; lastKnownFileType = text.plist.xml; path = Info.plist; sourceTree = "<group>"; };
		958108792685D4EF006AC6DC /* PhotosInfiniteScrollingTests.xctest */ = {isa = PBXFileReference; explicitFileType = wrapper.cfbundle; includeInIndex = 0; path = PhotosInfiniteScrollingTests.xctest; sourceTree = BUILT_PRODUCTS_DIR; };
		9581087D2685D4EF006AC6DC /* PhotosInfiniteScrollingTests.swift */ = {isa = PBXFileReference; lastKnownFileType = sourcecode.swift; path = PhotosInfiniteScrollingTests.swift; sourceTree = "<group>"; };
		9581087F2685D4EF006AC6DC /* Info.plist */ = {isa = PBXFileReference; lastKnownFileType = text.plist.xml; path = Info.plist; sourceTree = "<group>"; };
		958108842685D4EF006AC6DC /* PhotosInfiniteScrollingUITests.xctest */ = {isa = PBXFileReference; explicitFileType = wrapper.cfbundle; includeInIndex = 0; path = PhotosInfiniteScrollingUITests.xctest; sourceTree = BUILT_PRODUCTS_DIR; };
		958108882685D4EF006AC6DC /* PhotosInfiniteScrollingUITests.swift */ = {isa = PBXFileReference; lastKnownFileType = sourcecode.swift; path = PhotosInfiniteScrollingUITests.swift; sourceTree = "<group>"; };
		9581088A2685D4EF006AC6DC /* Info.plist */ = {isa = PBXFileReference; lastKnownFileType = text.plist.xml; path = Info.plist; sourceTree = "<group>"; };
/* End PBXFileReference section */

/* Begin PBXFrameworksBuildPhase section */
		958108602685D4ED006AC6DC /* Frameworks */ = {
			isa = PBXFrameworksBuildPhase;
			buildActionMask = 2147483647;
			files = (
			);
			runOnlyForDeploymentPostprocessing = 0;
		};
		958108762685D4EF006AC6DC /* Frameworks */ = {
			isa = PBXFrameworksBuildPhase;
			buildActionMask = 2147483647;
			files = (
			);
			runOnlyForDeploymentPostprocessing = 0;
		};
		958108812685D4EF006AC6DC /* Frameworks */ = {
			isa = PBXFrameworksBuildPhase;
			buildActionMask = 2147483647;
			files = (
			);
			runOnlyForDeploymentPostprocessing = 0;
		};
/* End PBXFrameworksBuildPhase section */

/* Begin PBXGroup section */
		9581085A2685D4ED006AC6DC = {
			isa = PBXGroup;
			children = (
				958108652685D4ED006AC6DC /* PhotosInfiniteScrolling */,
				9581087C2685D4EF006AC6DC /* PhotosInfiniteScrollingTests */,
				958108872685D4EF006AC6DC /* PhotosInfiniteScrollingUITests */,
				958108642685D4ED006AC6DC /* Products */,
			);
			sourceTree = "<group>";
		};
		958108642685D4ED006AC6DC /* Products */ = {
			isa = PBXGroup;
			children = (
				958108632685D4ED006AC6DC /* PhotosInfiniteScrolling.app */,
				958108792685D4EF006AC6DC /* PhotosInfiniteScrollingTests.xctest */,
				958108842685D4EF006AC6DC /* PhotosInfiniteScrollingUITests.xctest */,
			);
			name = Products;
			sourceTree = "<group>";
		};
		958108652685D4ED006AC6DC /* PhotosInfiniteScrolling */ = {
			isa = PBXGroup;
			children = (
				958108662685D4ED006AC6DC /* AppDelegate.swift */,
				958108682685D4ED006AC6DC /* SceneDelegate.swift */,
				9581086A2685D4ED006AC6DC /* ViewController.swift */,
				9581086C2685D4ED006AC6DC /* Main.storyboard */,
				9581086F2685D4EF006AC6DC /* Assets.xcassets */,
				958108712685D4EF006AC6DC /* LaunchScreen.storyboard */,
				958108742685D4EF006AC6DC /* Info.plist */,
			);
			path = PhotosInfiniteScrolling;
			sourceTree = "<group>";
		};
		9581087C2685D4EF006AC6DC /* PhotosInfiniteScrollingTests */ = {
			isa = PBXGroup;
			children = (
				9581087D2685D4EF006AC6DC /* PhotosInfiniteScrollingTests.swift */,
				9581087F2685D4EF006AC6DC /* Info.plist */,
			);
			path = PhotosInfiniteScrollingTests;
			sourceTree = "<group>";
		};
		958108872685D4EF006AC6DC /* PhotosInfiniteScrollingUITests */ = {
			isa = PBXGroup;
			children = (
				958108882685D4EF006AC6DC /* PhotosInfiniteScrollingUITests.swift */,
				9581088A2685D4EF006AC6DC /* Info.plist */,
			);
			path = PhotosInfiniteScrollingUITests;
			sourceTree = "<group>";
		};
/* End PBXGroup section */

/* Begin PBXNativeTarget section */
		958108622685D4ED006AC6DC /* PhotosInfiniteScrolling */ = {
			isa = PBXNativeTarget;
			buildConfigurationList = 9581088D2685D4EF006AC6DC /* Build configuration list for PBXNativeTarget "PhotosInfiniteScrolling" */;
			buildPhases = (
				9581085F2685D4ED006AC6DC /* Sources */,
				958108602685D4ED006AC6DC /* Frameworks */,
				958108612685D4ED006AC6DC /* Resources */,
			);
			buildRules = (
			);
			dependencies = (
			);
			name = PhotosInfiniteScrolling;
			productName = PhotosInfiniteScrolling;
			productReference = 958108632685D4ED006AC6DC /* PhotosInfiniteScrolling.app */;
			productType = "com.apple.product-type.application";
		};
		958108782685D4EF006AC6DC /* PhotosInfiniteScrollingTests */ = {
			isa = PBXNativeTarget;
			buildConfigurationList = 958108902685D4EF006AC6DC /* Build configuration list for PBXNativeTarget "PhotosInfiniteScrollingTests" */;
			buildPhases = (
				958108752685D4EF006AC6DC /* Sources */,
				958108762685D4EF006AC6DC /* Frameworks */,
				958108772685D4EF006AC6DC /* Resources */,
			);
			buildRules = (
			);
			dependencies = (
				9581087B2685D4EF006AC6DC /* PBXTargetDependency */,
			);
			name = PhotosInfiniteScrollingTests;
			productName = PhotosInfiniteScrollingTests;
			productReference = 958108792685D4EF006AC6DC /* PhotosInfiniteScrollingTests.xctest */;
			productType = "com.apple.product-type.bundle.unit-test";
		};
		958108832685D4EF006AC6DC /* PhotosInfiniteScrollingUITests */ = {
			isa = PBXNativeTarget;
			buildConfigurationList = 958108932685D4EF006AC6DC /* Build configuration list for PBXNativeTarget "PhotosInfiniteScrollingUITests" */;
			buildPhases = (
				958108802685D4EF006AC6DC /* Sources */,
				958108812685D4EF006AC6DC /* Frameworks */,
				958108822685D4EF006AC6DC /* Resources */,
			);
			buildRules = (
			);
			dependencies = (
				958108862685D4EF006AC6DC /* PBXTargetDependency */,
			);
			name = PhotosInfiniteScrollingUITests;
			productName = PhotosInfiniteScrollingUITests;
			productReference = 958108842685D4EF006AC6DC /* PhotosInfiniteScrollingUITests.xctest */;
			productType = "com.apple.product-type.bundle.ui-testing";
		};
/* End PBXNativeTarget section */

/* Begin PBXProject section */
		9581085B2685D4ED006AC6DC /* Project object */ = {
			isa = PBXProject;
			attributes = {
				LastSwiftUpdateCheck = 1250;
				LastUpgradeCheck = 1250;
				TargetAttributes = {
					958108622685D4ED006AC6DC = {
						CreatedOnToolsVersion = 12.5.1;
					};
					958108782685D4EF006AC6DC = {
						CreatedOnToolsVersion = 12.5.1;
						TestTargetID = 958108622685D4ED006AC6DC;
					};
					958108832685D4EF006AC6DC = {
						CreatedOnToolsVersion = 12.5.1;
						TestTargetID = 958108622685D4ED006AC6DC;
					};
				};
			};
			buildConfigurationList = 9581085E2685D4ED006AC6DC /* Build configuration list for PBXProject "PhotosInfiniteScrolling" */;
			compatibilityVersion = "Xcode 9.3";
			developmentRegion = en;
			hasScannedForEncodings = 0;
			knownRegions = (
				en,
				Base,
			);
			mainGroup = 9581085A2685D4ED006AC6DC;
			productRefGroup = 958108642685D4ED006AC6DC /* Products */;
			projectDirPath = "";
			projectRoot = "";
			targets = (
				958108622685D4ED006AC6DC /* PhotosInfiniteScrolling */,
				958108782685D4EF006AC6DC /* PhotosInfiniteScrollingTests */,
				958108832685D4EF006AC6DC /* PhotosInfiniteScrollingUITests */,
			);
		};
/* End PBXProject section */

/* Begin PBXResourcesBuildPhase section */
		958108612685D4ED006AC6DC /* Resources */ = {
			isa = PBXResourcesBuildPhase;
			buildActionMask = 2147483647;
			files = (
				958108732685D4EF006AC6DC /* LaunchScreen.storyboard in Resources */,
				958108702685D4EF006AC6DC /* Assets.xcassets in Resources */,
				9581086E2685D4ED006AC6DC /* Main.storyboard in Resources */,
			);
			runOnlyForDeploymentPostprocessing = 0;
		};
		958108772685D4EF006AC6DC /* Resources */ = {
			isa = PBXResourcesBuildPhase;
			buildActionMask = 2147483647;
			files = (
			);
			runOnlyForDeploymentPostprocessing = 0;
		};
		958108822685D4EF006AC6DC /* Resources */ = {
			isa = PBXResourcesBuildPhase;
			buildActionMask = 2147483647;
			files = (
			);
			runOnlyForDeploymentPostprocessing = 0;
		};
/* End PBXResourcesBuildPhase section */

/* Begin PBXSourcesBuildPhase section */
		9581085F2685D4ED006AC6DC /* Sources */ = {
			isa = PBXSourcesBuildPhase;
			buildActionMask = 2147483647;
			files = (
				9581086B2685D4ED006AC6DC /* ViewController.swift in Sources */,
				958108672685D4ED006AC6DC /* AppDelegate.swift in Sources */,
				958108692685D4ED006AC6DC /* SceneDelegate.swift in Sources */,
			);
			runOnlyForDeploymentPostprocessing = 0;
		};
		958108752685D4EF006AC6DC /* Sources */ = {
			isa = PBXSourcesBuildPhase;
			buildActionMask = 2147483647;
			files = (
				9581087E2685D4EF006AC6DC /* PhotosInfiniteScrollingTests.swift in Sources */,
			);
			runOnlyForDeploymentPostprocessing = 0;
		};
		958108802685D4EF006AC6DC /* Sources */ = {
			isa = PBXSourcesBuildPhase;
			buildActionMask = 2147483647;
			files = (
				958108892685D4EF006AC6DC /* PhotosInfiniteScrollingUITests.swift in Sources */,
			);
			runOnlyForDeploymentPostprocessing = 0;
		};
/* End PBXSourcesBuildPhase section */

/* Begin PBXTargetDependency section */
		9581087B2685D4EF006AC6DC /* PBXTargetDependency */ = {
			isa = PBXTargetDependency;
			target = 958108622685D4ED006AC6DC /* PhotosInfiniteScrolling */;
			targetProxy = 9581087A2685D4EF006AC6DC /* PBXContainerItemProxy */;
		};
		958108862685D4EF006AC6DC /* PBXTargetDependency */ = {
			isa = PBXTargetDependency;
			target = 958108622685D4ED006AC6DC /* PhotosInfiniteScrolling */;
			targetProxy = 958108852685D4EF006AC6DC /* PBXContainerItemProxy */;
		};
/* End PBXTargetDependency section */

/* Begin PBXVariantGroup section */
		9581086C2685D4ED006AC6DC /* Main.storyboard */ = {
			isa = PBXVariantGroup;
			children = (
				9581086D2685D4ED006AC6DC /* Base */,
			);
			name = Main.storyboard;
			sourceTree = "<group>";
		};
		958108712685D4EF006AC6DC /* LaunchScreen.storyboard */ = {
			isa = PBXVariantGroup;
			children = (
				958108722685D4EF006AC6DC /* Base */,
			);
			name = LaunchScreen.storyboard;
			sourceTree = "<group>";
		};
/* End PBXVariantGroup section */

/* Begin XCBuildConfiguration section */
		9581088B2685D4EF006AC6DC /* Debug */ = {
			isa = XCBuildConfiguration;
			buildSettings = {
				ALWAYS_SEARCH_USER_PATHS = NO;
				CLANG_ANALYZER_NONNULL = YES;
				CLANG_ANALYZER_NUMBER_OBJECT_CONVERSION = YES_AGGRESSIVE;
				CLANG_CXX_LANGUAGE_STANDARD = "gnu++14";
				CLANG_CXX_LIBRARY = "libc++";
				CLANG_ENABLE_MODULES = YES;
				CLANG_ENABLE_OBJC_ARC = YES;
				CLANG_ENABLE_OBJC_WEAK = YES;
				CLANG_WARN_BLOCK_CAPTURE_AUTORELEASING = YES;
				CLANG_WARN_BOOL_CONVERSION = YES;
				CLANG_WARN_COMMA = YES;
				CLANG_WARN_CONSTANT_CONVERSION = YES;
				CLANG_WARN_DEPRECATED_OBJC_IMPLEMENTATIONS = YES;
				CLANG_WARN_DIRECT_OBJC_ISA_USAGE = YES_ERROR;
				CLANG_WARN_DOCUMENTATION_COMMENTS = YES;
				CLANG_WARN_EMPTY_BODY = YES;
				CLANG_WARN_ENUM_CONVERSION = YES;
				CLANG_WARN_INFINITE_RECURSION = YES;
				CLANG_WARN_INT_CONVERSION = YES;
				CLANG_WARN_NON_LITERAL_NULL_CONVERSION = YES;
				CLANG_WARN_OBJC_IMPLICIT_RETAIN_SELF = YES;
				CLANG_WARN_OBJC_LITERAL_CONVERSION = YES;
				CLANG_WARN_OBJC_ROOT_CLASS = YES_ERROR;
				CLANG_WARN_QUOTED_INCLUDE_IN_FRAMEWORK_HEADER = YES;
				CLANG_WARN_RANGE_LOOP_ANALYSIS = YES;
				CLANG_WARN_STRICT_PROTOTYPES = YES;
				CLANG_WARN_SUSPICIOUS_MOVE = YES;
				CLANG_WARN_UNGUARDED_AVAILABILITY = YES_AGGRESSIVE;
				CLANG_WARN_UNREACHABLE_CODE = YES;
				CLANG_WARN__DUPLICATE_METHOD_MATCH = YES;
				COPY_PHASE_STRIP = NO;
				DEBUG_INFORMATION_FORMAT = dwarf;
				ENABLE_STRICT_OBJC_MSGSEND = YES;
				ENABLE_TESTABILITY = YES;
				GCC_C_LANGUAGE_STANDARD = gnu11;
				GCC_DYNAMIC_NO_PIC = NO;
				GCC_NO_COMMON_BLOCKS = YES;
				GCC_OPTIMIZATION_LEVEL = 0;
				GCC_PREPROCESSOR_DEFINITIONS = (
					"DEBUG=1",
					"$(inherited)",
				);
				GCC_WARN_64_TO_32_BIT_CONVERSION = YES;
				GCC_WARN_ABOUT_RETURN_TYPE = YES_ERROR;
				GCC_WARN_UNDECLARED_SELECTOR = YES;
				GCC_WARN_UNINITIALIZED_AUTOS = YES_AGGRESSIVE;
				GCC_WARN_UNUSED_FUNCTION = YES;
				GCC_WARN_UNUSED_VARIABLE = YES;
				IPHONEOS_DEPLOYMENT_TARGET = 14.5;
				MTL_ENABLE_DEBUG_INFO = INCLUDE_SOURCE;
				MTL_FAST_MATH = YES;
				ONLY_ACTIVE_ARCH = YES;
				SDKROOT = iphoneos;
				SWIFT_ACTIVE_COMPILATION_CONDITIONS = DEBUG;
				SWIFT_OPTIMIZATION_LEVEL = "-Onone";
			};
			name = Debug;
		};
		9581088C2685D4EF006AC6DC /* Release */ = {
			isa = XCBuildConfiguration;
			buildSettings = {
				ALWAYS_SEARCH_USER_PATHS = NO;
				CLANG_ANALYZER_NONNULL = YES;
				CLANG_ANALYZER_NUMBER_OBJECT_CONVERSION = YES_AGGRESSIVE;
				CLANG_CXX_LANGUAGE_STANDARD = "gnu++14";
				CLANG_CXX_LIBRARY = "libc++";
				CLANG_ENABLE_MODULES = YES;
				CLANG_ENABLE_OBJC_ARC = YES;
				CLANG_ENABLE_OBJC_WEAK = YES;
				CLANG_WARN_BLOCK_CAPTURE_AUTORELEASING = YES;
				CLANG_WARN_BOOL_CONVERSION = YES;
				CLANG_WARN_COMMA = YES;
				CLANG_WARN_CONSTANT_CONVERSION = YES;
				CLANG_WARN_DEPRECATED_OBJC_IMPLEMENTATIONS = YES;
				CLANG_WARN_DIRECT_OBJC_ISA_USAGE = YES_ERROR;
				CLANG_WARN_DOCUMENTATION_COMMENTS = YES;
				CLANG_WARN_EMPTY_BODY = YES;
				CLANG_WARN_ENUM_CONVERSION = YES;
				CLANG_WARN_INFINITE_RECURSION = YES;
				CLANG_WARN_INT_CONVERSION = YES;
				CLANG_WARN_NON_LITERAL_NULL_CONVERSION = YES;
				CLANG_WARN_OBJC_IMPLICIT_RETAIN_SELF = YES;
				CLANG_WARN_OBJC_LITERAL_CONVERSION = YES;
				CLANG_WARN_OBJC_ROOT_CLASS = YES_ERROR;
				CLANG_WARN_QUOTED_INCLUDE_IN_FRAMEWORK_HEADER = YES;
				CLANG_WARN_RANGE_LOOP_ANALYSIS = YES;
				CLANG_WARN_STRICT_PROTOTYPES = YES;
				CLANG_WARN_SUSPICIOUS_MOVE = YES;
				CLANG_WARN_UNGUARDED_AVAILABILITY = YES_AGGRESSIVE;
				CLANG_WARN_UNREACHABLE_CODE = YES;
				CLANG_WARN__DUPLICATE_METHOD_MATCH = YES;
				COPY_PHASE_STRIP = NO;
				DEBUG_INFORMATION_FORMAT = "dwarf-with-dsym";
				ENABLE_NS_ASSERTIONS = NO;
				ENABLE_STRICT_OBJC_MSGSEND = YES;
				GCC_C_LANGUAGE_STANDARD = gnu11;
				GCC_NO_COMMON_BLOCKS = YES;
				GCC_WARN_64_TO_32_BIT_CONVERSION = YES;
				GCC_WARN_ABOUT_RETURN_TYPE = YES_ERROR;
				GCC_WARN_UNDECLARED_SELECTOR = YES;
				GCC_WARN_UNINITIALIZED_AUTOS = YES_AGGRESSIVE;
				GCC_WARN_UNUSED_FUNCTION = YES;
				GCC_WARN_UNUSED_VARIABLE = YES;
				IPHONEOS_DEPLOYMENT_TARGET = 14.5;
				MTL_ENABLE_DEBUG_INFO = NO;
				MTL_FAST_MATH = YES;
				SDKROOT = iphoneos;
				SWIFT_COMPILATION_MODE = wholemodule;
				SWIFT_OPTIMIZATION_LEVEL = "-O";
				VALIDATE_PRODUCT = YES;
			};
			name = Release;
		};
		9581088E2685D4EF006AC6DC /* Debug */ = {
			isa = XCBuildConfiguration;
			buildSettings = {
				ASSETCATALOG_COMPILER_APPICON_NAME = AppIcon;
				ASSETCATALOG_COMPILER_GLOBAL_ACCENT_COLOR_NAME = AccentColor;
				CODE_SIGN_STYLE = Automatic;
				DEVELOPMENT_TEAM = F27HQ4FLX4;
				INFOPLIST_FILE = PhotosInfiniteScrolling/Info.plist;
				LD_RUNPATH_SEARCH_PATHS = (
					"$(inherited)",
					"@executable_path/Frameworks",
				);
				PRODUCT_BUNDLE_IDENTIFIER = com.charlienguyen.PhotosInfiniteScrolling;
				PRODUCT_NAME = "$(TARGET_NAME)";
				SWIFT_VERSION = 5.0;
				TARGETED_DEVICE_FAMILY = "1,2";
			};
			name = Debug;
		};
		9581088F2685D4EF006AC6DC /* Release */ = {
			isa = XCBuildConfiguration;
			buildSettings = {
				ASSETCATALOG_COMPILER_APPICON_NAME = AppIcon;
				ASSETCATALOG_COMPILER_GLOBAL_ACCENT_COLOR_NAME = AccentColor;
				CODE_SIGN_STYLE = Automatic;
				DEVELOPMENT_TEAM = F27HQ4FLX4;
				INFOPLIST_FILE = PhotosInfiniteScrolling/Info.plist;
				LD_RUNPATH_SEARCH_PATHS = (
					"$(inherited)",
					"@executable_path/Frameworks",
				);
				PRODUCT_BUNDLE_IDENTIFIER = com.charlienguyen.PhotosInfiniteScrolling;
				PRODUCT_NAME = "$(TARGET_NAME)";
				SWIFT_VERSION = 5.0;
				TARGETED_DEVICE_FAMILY = "1,2";
			};
			name = Release;
		};
		958108912685D4EF006AC6DC /* Debug */ = {
			isa = XCBuildConfiguration;
			buildSettings = {
				ALWAYS_EMBED_SWIFT_STANDARD_LIBRARIES = YES;
				BUNDLE_LOADER = "$(TEST_HOST)";
				CODE_SIGN_STYLE = Automatic;
				DEVELOPMENT_TEAM = F27HQ4FLX4;
				INFOPLIST_FILE = PhotosInfiniteScrollingTests/Info.plist;
				IPHONEOS_DEPLOYMENT_TARGET = 14.5;
				LD_RUNPATH_SEARCH_PATHS = (
					"$(inherited)",
					"@executable_path/Frameworks",
					"@loader_path/Frameworks",
				);
				PRODUCT_BUNDLE_IDENTIFIER = com.charlienguyen.PhotosInfiniteScrollingTests;
				PRODUCT_NAME = "$(TARGET_NAME)";
				SWIFT_VERSION = 5.0;
				TARGETED_DEVICE_FAMILY = "1,2";
				TEST_HOST = "$(BUILT_PRODUCTS_DIR)/PhotosInfiniteScrolling.app/PhotosInfiniteScrolling";
			};
			name = Debug;
		};
		958108922685D4EF006AC6DC /* Release */ = {
			isa = XCBuildConfiguration;
			buildSettings = {
				ALWAYS_EMBED_SWIFT_STANDARD_LIBRARIES = YES;
				BUNDLE_LOADER = "$(TEST_HOST)";
				CODE_SIGN_STYLE = Automatic;
				DEVELOPMENT_TEAM = F27HQ4FLX4;
				INFOPLIST_FILE = PhotosInfiniteScrollingTests/Info.plist;
				IPHONEOS_DEPLOYMENT_TARGET = 14.5;
				LD_RUNPATH_SEARCH_PATHS = (
					"$(inherited)",
					"@executable_path/Frameworks",
					"@loader_path/Frameworks",
				);
				PRODUCT_BUNDLE_IDENTIFIER = com.charlienguyen.PhotosInfiniteScrollingTests;
				PRODUCT_NAME = "$(TARGET_NAME)";
				SWIFT_VERSION = 5.0;
				TARGETED_DEVICE_FAMILY = "1,2";
				TEST_HOST = "$(BUILT_PRODUCTS_DIR)/PhotosInfiniteScrolling.app/PhotosInfiniteScrolling";
			};
			name = Release;
		};
		958108942685D4EF006AC6DC /* Debug */ = {
			isa = XCBuildConfiguration;
			buildSettings = {
				ALWAYS_EMBED_SWIFT_STANDARD_LIBRARIES = YES;
				CODE_SIGN_STYLE = Automatic;
				DEVELOPMENT_TEAM = F27HQ4FLX4;
				INFOPLIST_FILE = PhotosInfiniteScrollingUITests/Info.plist;
				LD_RUNPATH_SEARCH_PATHS = (
					"$(inherited)",
					"@executable_path/Frameworks",
					"@loader_path/Frameworks",
				);
				PRODUCT_BUNDLE_IDENTIFIER = com.charlienguyen.PhotosInfiniteScrollingUITests;
				PRODUCT_NAME = "$(TARGET_NAME)";
				SWIFT_VERSION = 5.0;
				TARGETED_DEVICE_FAMILY = "1,2";
				TEST_TARGET_NAME = PhotosInfiniteScrolling;
			};
			name = Debug;
		};
		958108952685D4EF006AC6DC /* Release */ = {
			isa = XCBuildConfiguration;
			buildSettings = {
				ALWAYS_EMBED_SWIFT_STANDARD_LIBRARIES = YES;
				CODE_SIGN_STYLE = Automatic;
				DEVELOPMENT_TEAM = F27HQ4FLX4;
				INFOPLIST_FILE = PhotosInfiniteScrollingUITests/Info.plist;
				LD_RUNPATH_SEARCH_PATHS = (
					"$(inherited)",
					"@executable_path/Frameworks",
					"@loader_path/Frameworks",
				);
				PRODUCT_BUNDLE_IDENTIFIER = com.charlienguyen.PhotosInfiniteScrollingUITests;
				PRODUCT_NAME = "$(TARGET_NAME)";
				SWIFT_VERSION = 5.0;
				TARGETED_DEVICE_FAMILY = "1,2";
				TEST_TARGET_NAME = PhotosInfiniteScrolling;
			};
			name = Release;
		};
/* End XCBuildConfiguration section */

/* Begin XCConfigurationList section */
		9581085E2685D4ED006AC6DC /* Build configuration list for PBXProject "PhotosInfiniteScrolling" */ = {
			isa = XCConfigurationList;
			buildConfigurations = (
				9581088B2685D4EF006AC6DC /* Debug */,
				9581088C2685D4EF006AC6DC /* Release */,
			);
			defaultConfigurationIsVisible = 0;
			defaultConfigurationName = Release;
		};
		9581088D2685D4EF006AC6DC /* Build configuration list for PBXNativeTarget "PhotosInfiniteScrolling" */ = {
			isa = XCConfigurationList;
			buildConfigurations = (
				9581088E2685D4EF006AC6DC /* Debug */,
				9581088F2685D4EF006AC6DC /* Release */,
			);
			defaultConfigurationIsVisible = 0;
			defaultConfigurationName = Release;
		};
		958108902685D4EF006AC6DC /* Build configuration list for PBXNativeTarget "PhotosInfiniteScrollingTests" */ = {
			isa = XCConfigurationList;
			buildConfigurations = (
				958108912685D4EF006AC6DC /* Debug */,
				958108922685D4EF006AC6DC /* Release */,
			);
			defaultConfigurationIsVisible = 0;
			defaultConfigurationName = Release;
		};
		958108932685D4EF006AC6DC /* Build configuration list for PBXNativeTarget "PhotosInfiniteScrollingUITests" */ = {
			isa = XCConfigurationList;
			buildConfigurations = (
				958108942685D4EF006AC6DC /* Debug */,
				958108952685D4EF006AC6DC /* Release */,
			);
			defaultConfigurationIsVisible = 0;
			defaultConfigurationName = Release;
		};
/* End XCConfigurationList section */
	};
	rootObject = 9581085B2685D4ED006AC6DC /* Project object */;
}
